PODS:
  - FlutterMacOS (1.0.0)
  - macos_window_utils (1.0.0):
    - FlutterMacOS
  - rust_lib_flutter_rust (0.0.1):
    - FlutterMacOS

DEPENDENCIES:
  - FlutterMacOS (from `Flutter/ephemeral`)
  - macos_window_utils (from `Flutter/ephemeral/.symlinks/plugins/macos_window_utils/macos`)
  - rust_lib_flutter_rust (from `Flutter/ephemeral/.symlinks/plugins/rust_lib_flutter_rust/macos`)

EXTERNAL SOURCES:
  FlutterMacOS:
    :path: Flutter/ephemeral
  macos_window_utils:
    :path: Flutter/ephemeral/.symlinks/plugins/macos_window_utils/macos
  rust_lib_flutter_rust:
    :path: Flutter/ephemeral/.symlinks/plugins/rust_lib_flutter_rust/macos

SPEC CHECKSUMS:
  FlutterMacOS: d0db08ddef1a9af05a5ec4b724367152bb0500b1
  macos_window_utils: 23f54331a0fd51eea9e0ed347253bf48fd379d1d
  rust_lib_flutter_rust: 312c122876944702e4b2d00429d3587569b4288c

PODFILE CHECKSUM: 54d867c82ac51cbd61b565781b9fada492027009

COCOAPODS: 1.16.2
